<?xml version="1.0" encoding="utf-8"?>
<Project ToolsVersion="4.0" xmlns="http://schemas.microsoft.com/developer/msbuild/2003">
  <ItemGroup>
    <Filter Include="Source Files">
      <UniqueIdentifier>{4FC737F1-C7A5-4376-A066-2A32D752A2FF}</UniqueIdentifier>
      <Extensions>cpp;c;cc;cxx;c++;cppm;ixx;def;odl;idl;hpj;bat;asm;asmx</Extensions>
    </Filter>
    <Filter Include="Header Files">
      <UniqueIdentifier>{93995380-89BD-4b04-88EB-625FBE52EBFB}</UniqueIdentifier>
      <Extensions>h;hh;hpp;hxx;h++;hm;inl;inc;ipp;xsd</Extensions>
    </Filter>
    <Filter Include="Resource Files">
      <UniqueIdentifier>{67DA6AB6-F800-4c08-8B7A-83BB121AAD01}</UniqueIdentifier>
      <Extensions>rc;ico;cur;bmp;dlg;rc2;rct;bin;rgs;gif;jpg;jpeg;jpe;resx;tiff;tif;png;wav;mfcribbon-ms</Extensions>
    </Filter>
    <Filter Include="Header Files\CLI">
      <UniqueIdentifier>{59bffa4a-9521-466d-83fc-9f56253546ad}</UniqueIdentifier>
    </Filter>
    <Filter Include="Source Files\CLI">
      <UniqueIdentifier>{c3bb148f-5ccf-49d2-ba66-f2e5cf56e94c}</UniqueIdentifier>
    </Filter>
  </ItemGroup>
  <ItemGroup>
    <ClCompile Include="..\..\src\FileStat.cpp">
      <Filter>Source Files</Filter>
    </ClCompile>
    <ClCompile Include="..\..\src\Functions.cpp">
      <Filter>Source Files</Filter>
    </ClCompile>
    <ClCompile Include="..\..\src\MFTReader.cpp">
      <Filter>Source Files</Filter>
    </ClCompile>
    <ClCompile Include="..\..\src\MftRecords.cpp">
      <Filter>Source Files</Filter>
    </ClCompile>
    <ClCompile Include="..\..\src\ReadFileCache.cpp">
      <Filter>Source Files</Filter>
    </ClCompile>
    <ClCompile Include="..\..\src\Utils.cpp">
      <Filter>Source Files</Filter>
    </ClCompile>
    <ClCompile Include="..\..\include\external\cli\CommandLine.cpp">
      <Filter>Source Files\CLI</Filter>
    </ClCompile>
    <ClCompile Include="..\..\include\external\cli\DefaultParser.cpp">
      <Filter>Source Files\CLI</Filter>
    </ClCompile>
    <ClCompile Include="..\..\include\external\cli\HelpFormatter.cpp">
      <Filter>Source Files\CLI</Filter>
    </ClCompile>
    <ClCompile Include="..\..\include\external\cli\Option.cpp">
      <Filter>Source Files\CLI</Filter>
    </ClCompile>
    <ClCompile Include="..\..\include\external\cli\OptionsList.cpp">
      <Filter>Source Files\CLI</Filter>
    </ClCompile>
  </ItemGroup>
  <ItemGroup>
    <ClInclude Include="..\..\include\BitField.h">
      <Filter>Header Files</Filter>
    </ClInclude>
    <ClInclude Include="..\..\include\Caches.h">
      <Filter>Header Files</Filter>
    </ClInclude>
    <ClInclude Include="..\..\include\Debug.h">
      <Filter>Header Files</Filter>
    </ClInclude>
    <ClInclude Include="..\..\include\FileCache.h">
      <Filter>Header Files</Filter>
    </ClInclude>
    <ClInclude Include="..\..\include\FileLevel.h">
      <Filter>Header Files</Filter>
    </ClInclude>
    <ClInclude Include="..\..\include\Functions.h">
      <Filter>Header Files</Filter>
    </ClInclude>
    <ClInclude Include="..\..\include\NTFS.h">
      <Filter>Header Files</Filter>
    </ClInclude>
    <ClInclude Include="..\..\include\Utils.h">
      <Filter>Header Files</Filter>
    </ClInclude>
    <ClInclude Include="..\..\include\external\cli\CommandLine.h">
      <Filter>Header Files\CLI</Filter>
    </ClInclude>
    <ClInclude Include="..\..\include\external\cli\DefaultParser.h">
      <Filter>Header Files\CLI</Filter>
    </ClInclude>
    <ClInclude Include="..\..\include\external\cli\HelpFormatter.h">
      <Filter>Header Files\CLI</Filter>
    </ClInclude>
    <ClInclude Include="..\..\include\external\cli\Option.h">
      <Filter>Header Files\CLI</Filter>
    </ClInclude>
    <ClInclude Include="..\..\include\external\cli\OptionsList.h">
      <Filter>Header Files\CLI</Filter>
    </ClInclude>
  </ItemGroup>
</Project>