<?xml version="1.0" encoding="utf-8"?>
<Project ToolsVersion="4.0" xmlns="http://schemas.microsoft.com/developer/msbuild/2003">
  <ItemGroup>
    <ClCompile Include="MFTParserBaseTests.cpp">
      <Filter>Tests</Filter>
    </ClCompile>
    <ClCompile Include="..\..\src\Functions.cpp">
      <Filter>Source</Filter>
    </ClCompile>
    <ClCompile Include="..\..\src\Utils.cpp">
      <Filter>Source</Filter>
    </ClCompile>
    <ClCompile Include="..\..\src\MFTSearchReader.cpp">
      <Filter>Source</Filter>
    </ClCompile>
    <ClCompile Include="..\..\src\MFTStatReader.cpp">
      <Filter>Source</Filter>
    </ClCompile>
    <ClCompile Include="..\..\src\MFTRecordLoader.cpp">
      <Filter>Source</Filter>
    </ClCompile>
    <ClCompile Include="..\..\src\MFTParserBase.cpp">
      <Filter>Source</Filter>
    </ClCompile>
    <ClCompile Include="MFTRawImagesTest.cpp" />
    <ClCompile Include="MFTDataRunsTest.cpp">
      <Filter>Tests</Filter>
    </ClCompile>
    <ClCompile Include="MFTPlainRecordsTest.cpp">
      <Filter>Tests</Filter>
    </ClCompile>
    <ClCompile Include="..\..\include\external\strutils\src\string_utils.cpp">
      <Filter>Source</Filter>
    </ClCompile>
  </ItemGroup>
  <ItemGroup>
    <None Include="packages.config" />
  </ItemGroup>
  <ItemGroup>
    <Filter Include="Source">
      <UniqueIdentifier>{1ca772ba-9b86-4ad6-9814-da83391d7c74}</UniqueIdentifier>
    </Filter>
    <Filter Include="Tests">
      <UniqueIdentifier>{69e32b82-9d5c-4ce0-97f5-9c7ce3f6d870}</UniqueIdentifier>
    </Filter>
  </ItemGroup>
  <ItemGroup>
    <ClInclude Include="MFTBaseParamTest.h">
      <Filter>Tests</Filter>
    </ClInclude>
    <ClInclude Include="TestUtils.h">
      <Filter>Tests</Filter>
    </ClInclude>
  </ItemGroup>
</Project>